
Microsoft Visual Studio Solution File, Format Version 12.00
# Visual Studio Version 17
VisualStudioVersion = 17.9.34728.123
MinimumVisualStudioVersion = 10.0.40219.1
Project("{FAE04EC0-301F-11D3-BF4B-00C04F79EFBC}") = "MDI_3", "MDI_3\MDI_3.csproj", "{1680642D-D789-48B4-9823-B41CC628CE17}"
EndProject
Project("{FAE04EC0-301F-11D3-BF4B-00C04F79EFBC}") = "PluginInterface", "pluginInterface\PluginInterface.csproj", "{EB586346-CDDC-41E6-B120-0FACB658FAF1}"
EndProject
Project("{FAE04EC0-301F-11D3-BF4B-00C04F79EFBC}") = "PluginLibrary", "PluginLibrary\PluginLibrary.csproj", "{B7B7F28D-9D42-4A9F-A789-2B123E400041}"
EndProject
Global
	GlobalSection(SolutionConfigurationPlatforms) = preSolution
		Debug|Any CPU = Debug|Any CPU
		Release|Any CPU = Release|Any CPU
	EndGlobalSection
	GlobalSection(ProjectConfigurationPlatforms) = postSolution
		{1680642D-D789-48B4-9823-B41CC628CE17}.Debug|Any CPU.ActiveCfg = Debug|Any CPU
		{1680642D-D789-48B4-9823-B41CC628CE17}.Debug|Any CPU.Build.0 = Debug|Any CPU
		{1680642D-D789-48B4-9823-B41CC628CE17}.Release|Any CPU.ActiveCfg = Release|Any CPU
		{1680642D-D789-48B4-9823-B41CC628CE17}.Release|Any CPU.Build.0 = Release|Any CPU
		{EB586346-CDDC-41E6-B120-0FACB658FAF1}.Debug|Any CPU.ActiveCfg = Debug|Any CPU
		{EB586346-CDDC-41E6-B120-0FACB658FAF1}.Debug|Any CPU.Build.0 = Debug|Any CPU
		{EB586346-CDDC-41E6-B120-0FACB658FAF1}.Release|Any CPU.ActiveCfg = Release|Any CPU
		{EB586346-CDDC-41E6-B120-0FACB658FAF1}.Release|Any CPU.Build.0 = Release|Any CPU
		{B7B7F28D-9D42-4A9F-A789-2B123E400041}.Debug|Any CPU.ActiveCfg = Debug|Any CPU
		{B7B7F28D-9D42-4A9F-A789-2B123E400041}.Debug|Any CPU.Build.0 = Debug|Any CPU
		{B7B7F28D-9D42-4A9F-A789-2B123E400041}.Release|Any CPU.ActiveCfg = Release|Any CPU
		{B7B7F28D-9D42-4A9F-A789-2B123E400041}.Release|Any CPU.Build.0 = Release|Any CPU
	EndGlobalSection
	GlobalSection(SolutionProperties) = preSolution
		HideSolutionNode = FALSE
	EndGlobalSection
	GlobalSection(ExtensibilityGlobals) = postSolution
		SolutionGuid = {BB3E7749-F43D-4E7B-919F-16DE35E18D7B}
	EndGlobalSection
EndGlobal
